DEPENDENCIES
  ambari
    git: git://github.com/he9lin/ambari-cookbook.git
    revision: a4e03227ebb018f8da585430d028aefdd0c4ad95
    tag: v0.1.4
  ohai
    git: git://github.com/heyook/ohai-cookbook.git
    revision: efe3f39243a3c91e6ac65772ed689a00c9bd853e
    tag: v2.0.1

GRAPH
  ambari (0.1.4)
    hostsfile (= 2.4.5)
    yum (= 2.4.4)
  hostsfile (2.4.5)
  ohai (2.0.1)
  yum (2.4.4)
